// !$*UTF8*$!
{
	archiveVersion = 1;
	classes = {
	};
	objectVersion = 56;
	objects = {

/* Begin PBXBuildFile section */
		6B088D1A29D02EBE0056B4EF /* UIViewController+.swift in Sources */ = {isa = PBXBuildFile; fileRef = 6B088D1929D02EBE0056B4EF /* UIViewController+.swift */; };
		6B088D1C29D037220056B4EF /* UIApplication+.swift in Sources */ = {isa = PBXBuildFile; fileRef = 6B088D1B29D037220056B4EF /* UIApplication+.swift */; };
		6B088D1E29D0375B0056B4EF /* IndicatorManager.swift in Sources */ = {isa = PBXBuildFile; fileRef = 6B088D1D29D0375B0056B4EF /* IndicatorManager.swift */; };
		6B088D2029D040170056B4EF /* TabBarController.swift in Sources */ = {isa = PBXBuildFile; fileRef = 6B088D1F29D040170056B4EF /* TabBarController.swift */; };
		6B088D2229D05CEA0056B4EF /* MyInfoViewController.swift in Sources */ = {isa = PBXBuildFile; fileRef = 6B088D2129D05CEA0056B4EF /* MyInfoViewController.swift */; };
		6B088D2429D06DFF0056B4EF /* CreateCardIntroViewController.swift in Sources */ = {isa = PBXBuildFile; fileRef = 6B088D2329D06DFF0056B4EF /* CreateCardIntroViewController.swift */; };
		6B088D2829D087340056B4EF /* CreateCardFolderNameInputViewController.swift in Sources */ = {isa = PBXBuildFile; fileRef = 6B088D2729D087340056B4EF /* CreateCardFolderNameInputViewController.swift */; };
		6B088D2A29D08B170056B4EF /* CreateCardContentInputViewController.swift in Sources */ = {isa = PBXBuildFile; fileRef = 6B088D2929D08B170056B4EF /* CreateCardContentInputViewController.swift */; };
		6B088D2E29D32DD90056B4EF /* CreateCardContentInputCollectionViewCell.swift in Sources */ = {isa = PBXBuildFile; fileRef = 6B088D2D29D32DD90056B4EF /* CreateCardContentInputCollectionViewCell.swift */; };
		6B14A7BF2A1274F8002384B4 /* CardListCollectionViewCellDelegate.swift in Sources */ = {isa = PBXBuildFile; fileRef = 6B14A7BE2A1274F8002384B4 /* CardListCollectionViewCellDelegate.swift */; };
		6B14A7C12A13BA58002384B4 /* Alert.swift in Sources */ = {isa = PBXBuildFile; fileRef = 6B14A7C02A13BA58002384B4 /* Alert.swift */; };
		6B29BDC229CE10EB00F39932 /* AppDelegate.swift in Sources */ = {isa = PBXBuildFile; fileRef = 6B29BDC129CE10EB00F39932 /* AppDelegate.swift */; };
		6B29BDC429CE10EB00F39932 /* SceneDelegate.swift in Sources */ = {isa = PBXBuildFile; fileRef = 6B29BDC329CE10EB00F39932 /* SceneDelegate.swift */; };
		6B29BDC629CE10EB00F39932 /* LoginViewController.swift in Sources */ = {isa = PBXBuildFile; fileRef = 6B29BDC529CE10EB00F39932 /* LoginViewController.swift */; };
		6B29BDC929CE10EB00F39932 /* Main.storyboard in Resources */ = {isa = PBXBuildFile; fileRef = 6B29BDC729CE10EB00F39932 /* Main.storyboard */; };
		6B29BDCB29CE10EF00F39932 /* Assets.xcassets in Resources */ = {isa = PBXBuildFile; fileRef = 6B29BDCA29CE10EF00F39932 /* Assets.xcassets */; };
		6B29BDCE29CE10EF00F39932 /* LaunchScreen.storyboard in Resources */ = {isa = PBXBuildFile; fileRef = 6B29BDCC29CE10EF00F39932 /* LaunchScreen.storyboard */; };
		6B29BDD729CE111C00F39932 /* SnapKit in Frameworks */ = {isa = PBXBuildFile; productRef = 6B29BDD629CE111C00F39932 /* SnapKit */; };
		6B29BDDA29CE112C00F39932 /* Then in Frameworks */ = {isa = PBXBuildFile; productRef = 6B29BDD929CE112C00F39932 /* Then */; };
		6B29BDDC29CE126600F39932 /* GoogleService-Info.plist in Resources */ = {isa = PBXBuildFile; fileRef = 6B29BDDB29CE126600F39932 /* GoogleService-Info.plist */; };
		6B29BDDF29CE132000F39932 /* FirebaseAuth in Frameworks */ = {isa = PBXBuildFile; productRef = 6B29BDDE29CE132000F39932 /* FirebaseAuth */; };
		6B29BDE129CE132000F39932 /* FirebaseCrashlytics in Frameworks */ = {isa = PBXBuildFile; productRef = 6B29BDE029CE132000F39932 /* FirebaseCrashlytics */; };
		6B29BDE329CE132000F39932 /* FirebaseDatabase in Frameworks */ = {isa = PBXBuildFile; productRef = 6B29BDE229CE132000F39932 /* FirebaseDatabase */; };
		6B29BDE529CE132000F39932 /* FirebaseDatabaseSwift in Frameworks */ = {isa = PBXBuildFile; productRef = 6B29BDE429CE132000F39932 /* FirebaseDatabaseSwift */; };
		6B29BDE729CE132000F39932 /* FirebaseFirestore in Frameworks */ = {isa = PBXBuildFile; productRef = 6B29BDE629CE132000F39932 /* FirebaseFirestore */; };
		6B29BDE929CE132000F39932 /* FirebaseFirestoreSwift in Frameworks */ = {isa = PBXBuildFile; productRef = 6B29BDE829CE132000F39932 /* FirebaseFirestoreSwift */; };
		6B29BDEB29CE132000F39932 /* FirebaseMessaging in Frameworks */ = {isa = PBXBuildFile; productRef = 6B29BDEA29CE132000F39932 /* FirebaseMessaging */; };
		6B29BDED29CE132000F39932 /* FirebaseStorage in Frameworks */ = {isa = PBXBuildFile; productRef = 6B29BDEC29CE132000F39932 /* FirebaseStorage */; };
		6B29BDEF29CEA06500F39932 /* OpacityButton.swift in Sources */ = {isa = PBXBuildFile; fileRef = 6B29BDEE29CEA06500F39932 /* OpacityButton.swift */; };
		6B29BDF129CECCA100F39932 /* UITextField+.swift in Sources */ = {isa = PBXBuildFile; fileRef = 6B29BDF029CECCA000F39932 /* UITextField+.swift */; };
		6B29BDF329CECCC000F39932 /* Constant.swift in Sources */ = {isa = PBXBuildFile; fileRef = 6B29BDF229CECCC000F39932 /* Constant.swift */; };
		6B29BDF529CED7A700F39932 /* SignUpViewController.swift in Sources */ = {isa = PBXBuildFile; fileRef = 6B29BDF429CED7A600F39932 /* SignUpViewController.swift */; };
		6B29BDF929CF547600F39932 /* AuthManager.swift in Sources */ = {isa = PBXBuildFile; fileRef = 6B29BDF829CF547600F39932 /* AuthManager.swift */; };
		6B682DFC2A1A68E700187262 /* Toast in Frameworks */ = {isa = PBXBuildFile; productRef = 6B682DFB2A1A68E700187262 /* Toast */; };
		6B7C6C1129F80B930045C230 /* MyInfoView.swift in Sources */ = {isa = PBXBuildFile; fileRef = 6B7C6C1029F80B930045C230 /* MyInfoView.swift */; };
		6B85569229DC646F0004E226 /* CardZip.swift in Sources */ = {isa = PBXBuildFile; fileRef = 6B85569129DC646F0004E226 /* CardZip.swift */; };
		6B85569429DC64AA0004E226 /* DBManager.swift in Sources */ = {isa = PBXBuildFile; fileRef = 6B85569329DC64AA0004E226 /* DBManager.swift */; };
		6B85569629DF03F70004E226 /* User.swift in Sources */ = {isa = PBXBuildFile; fileRef = 6B85569529DF03F70004E226 /* User.swift */; };
		6B85569829E2C1100004E226 /* CardListCollectionViewCell.swift in Sources */ = {isa = PBXBuildFile; fileRef = 6B85569729E2C10F0004E226 /* CardListCollectionViewCell.swift */; };
		6B85569C29E464070004E226 /* MyCardListViewController.swift in Sources */ = {isa = PBXBuildFile; fileRef = 6B85569B29E464070004E226 /* MyCardListViewController.swift */; };
		6B9BC16229E9D26B00B32557 /* CardStudyViewController.swift in Sources */ = {isa = PBXBuildFile; fileRef = 6B9BC16129E9D26B00B32557 /* CardStudyViewController.swift */; };
		6B9BC16429EAE4C200B32557 /* UINavigationItem+.swift in Sources */ = {isa = PBXBuildFile; fileRef = 6B9BC16329EAE4C200B32557 /* UINavigationItem+.swift */; };
		6B9BC16629EB213100B32557 /* CardStudyCollectionViewCell.swift in Sources */ = {isa = PBXBuildFile; fileRef = 6B9BC16529EB213100B32557 /* CardStudyCollectionViewCell.swift */; };
		6BA3065529D89260003CFAF2 /* Card.swift in Sources */ = {isa = PBXBuildFile; fileRef = 6BA3065429D89260003CFAF2 /* Card.swift */; };
		6BA3065729D896AA003CFAF2 /* UITextView+.swift in Sources */ = {isa = PBXBuildFile; fileRef = 6BA3065629D896AA003CFAF2 /* UITextView+.swift */; };
		6BA3065929D8A5CC003CFAF2 /* CardContentType.swift in Sources */ = {isa = PBXBuildFile; fileRef = 6BA3065829D8A5CC003CFAF2 /* CardContentType.swift */; };
		6BA3065B29D8A5EF003CFAF2 /* CreateCardContentInputCollectionViewCellDelegate.swift in Sources */ = {isa = PBXBuildFile; fileRef = 6BA3065A29D8A5EF003CFAF2 /* CreateCardContentInputCollectionViewCellDelegate.swift */; };
		6BA3065D29D8AC1A003CFAF2 /* CreateCardFinishViewController.swift in Sources */ = {isa = PBXBuildFile; fileRef = 6BA3065C29D8AC1A003CFAF2 /* CreateCardFinishViewController.swift */; };
		6BA6A4362A2F8956002127E6 /* ProfileView.swift in Sources */ = {isa = PBXBuildFile; fileRef = 6BA6A4352A2F8956002127E6 /* ProfileView.swift */; };
		6BE24B532A28EBF100332BC1 /* MyInfoViewCell.swift in Sources */ = {isa = PBXBuildFile; fileRef = 6BE24B522A28EBF100332BC1 /* MyInfoViewCell.swift */; };
		6BEC9F072A2B81020008366A /* StudyModeConfigView.swift in Sources */ = {isa = PBXBuildFile; fileRef = 6BEC9F062A2B81010008366A /* StudyModeConfigView.swift */; };
/* End PBXBuildFile section */

/* Begin PBXFileReference section */
		6B088D1929D02EBE0056B4EF /* UIViewController+.swift */ = {isa = PBXFileReference; lastKnownFileType = sourcecode.swift; path = "UIViewController+.swift"; sourceTree = "<group>"; };
		6B088D1B29D037220056B4EF /* UIApplication+.swift */ = {isa = PBXFileReference; lastKnownFileType = sourcecode.swift; path = "UIApplication+.swift"; sourceTree = "<group>"; };
		6B088D1D29D0375B0056B4EF /* IndicatorManager.swift */ = {isa = PBXFileReference; lastKnownFileType = sourcecode.swift; path = IndicatorManager.swift; sourceTree = "<group>"; };
		6B088D1F29D040170056B4EF /* TabBarController.swift */ = {isa = PBXFileReference; lastKnownFileType = sourcecode.swift; path = TabBarController.swift; sourceTree = "<group>"; };
		6B088D2129D05CEA0056B4EF /* MyInfoViewController.swift */ = {isa = PBXFileReference; lastKnownFileType = sourcecode.swift; path = MyInfoViewController.swift; sourceTree = "<group>"; };
		6B088D2329D06DFF0056B4EF /* CreateCardIntroViewController.swift */ = {isa = PBXFileReference; lastKnownFileType = sourcecode.swift; path = CreateCardIntroViewController.swift; sourceTree = "<group>"; };
		6B088D2729D087340056B4EF /* CreateCardFolderNameInputViewController.swift */ = {isa = PBXFileReference; lastKnownFileType = sourcecode.swift; path = CreateCardFolderNameInputViewController.swift; sourceTree = "<group>"; };
		6B088D2929D08B170056B4EF /* CreateCardContentInputViewController.swift */ = {isa = PBXFileReference; lastKnownFileType = sourcecode.swift; path = CreateCardContentInputViewController.swift; sourceTree = "<group>"; };
		6B088D2D29D32DD90056B4EF /* CreateCardContentInputCollectionViewCell.swift */ = {isa = PBXFileReference; lastKnownFileType = sourcecode.swift; path = CreateCardContentInputCollectionViewCell.swift; sourceTree = "<group>"; };
		6B14A7BE2A1274F8002384B4 /* CardListCollectionViewCellDelegate.swift */ = {isa = PBXFileReference; lastKnownFileType = sourcecode.swift; path = CardListCollectionViewCellDelegate.swift; sourceTree = "<group>"; };
		6B14A7C02A13BA58002384B4 /* Alert.swift */ = {isa = PBXFileReference; lastKnownFileType = sourcecode.swift; path = Alert.swift; sourceTree = "<group>"; };
		6B29BDBE29CE10EB00F39932 /* MemoryCard.app */ = {isa = PBXFileReference; explicitFileType = wrapper.application; includeInIndex = 0; path = MemoryCard.app; sourceTree = BUILT_PRODUCTS_DIR; };
		6B29BDC129CE10EB00F39932 /* AppDelegate.swift */ = {isa = PBXFileReference; lastKnownFileType = sourcecode.swift; path = AppDelegate.swift; sourceTree = "<group>"; };
		6B29BDC329CE10EB00F39932 /* SceneDelegate.swift */ = {isa = PBXFileReference; lastKnownFileType = sourcecode.swift; path = SceneDelegate.swift; sourceTree = "<group>"; };
		6B29BDC529CE10EB00F39932 /* LoginViewController.swift */ = {isa = PBXFileReference; lastKnownFileType = sourcecode.swift; path = LoginViewController.swift; sourceTree = "<group>"; };
		6B29BDC829CE10EB00F39932 /* Base */ = {isa = PBXFileReference; lastKnownFileType = file.storyboard; name = Base; path = Base.lproj/Main.storyboard; sourceTree = "<group>"; };
		6B29BDCA29CE10EF00F39932 /* Assets.xcassets */ = {isa = PBXFileReference; lastKnownFileType = folder.assetcatalog; path = Assets.xcassets; sourceTree = "<group>"; };
		6B29BDCD29CE10EF00F39932 /* Base */ = {isa = PBXFileReference; lastKnownFileType = file.storyboard; name = Base; path = Base.lproj/LaunchScreen.storyboard; sourceTree = "<group>"; };
		6B29BDCF29CE10EF00F39932 /* Info.plist */ = {isa = PBXFileReference; lastKnownFileType = text.plist.xml; path = Info.plist; sourceTree = "<group>"; };
		6B29BDDB29CE126600F39932 /* GoogleService-Info.plist */ = {isa = PBXFileReference; fileEncoding = 4; lastKnownFileType = text.plist.xml; path = "GoogleService-Info.plist"; sourceTree = "<group>"; };
		6B29BDEE29CEA06500F39932 /* OpacityButton.swift */ = {isa = PBXFileReference; lastKnownFileType = sourcecode.swift; path = OpacityButton.swift; sourceTree = "<group>"; };
		6B29BDF029CECCA000F39932 /* UITextField+.swift */ = {isa = PBXFileReference; lastKnownFileType = sourcecode.swift; path = "UITextField+.swift"; sourceTree = "<group>"; };
		6B29BDF229CECCC000F39932 /* Constant.swift */ = {isa = PBXFileReference; lastKnownFileType = sourcecode.swift; path = Constant.swift; sourceTree = "<group>"; };
		6B29BDF429CED7A600F39932 /* SignUpViewController.swift */ = {isa = PBXFileReference; lastKnownFileType = sourcecode.swift; path = SignUpViewController.swift; sourceTree = "<group>"; };
		6B29BDF829CF547600F39932 /* AuthManager.swift */ = {isa = PBXFileReference; lastKnownFileType = sourcecode.swift; path = AuthManager.swift; sourceTree = "<group>"; };
		6B7C6C1029F80B930045C230 /* MyInfoView.swift */ = {isa = PBXFileReference; lastKnownFileType = sourcecode.swift; path = MyInfoView.swift; sourceTree = "<group>"; };
		6B85569129DC646F0004E226 /* CardZip.swift */ = {isa = PBXFileReference; lastKnownFileType = sourcecode.swift; path = CardZip.swift; sourceTree = "<group>"; };
		6B85569329DC64AA0004E226 /* DBManager.swift */ = {isa = PBXFileReference; lastKnownFileType = sourcecode.swift; path = DBManager.swift; sourceTree = "<group>"; };
		6B85569529DF03F70004E226 /* User.swift */ = {isa = PBXFileReference; lastKnownFileType = sourcecode.swift; path = User.swift; sourceTree = "<group>"; };
		6B85569729E2C10F0004E226 /* CardListCollectionViewCell.swift */ = {isa = PBXFileReference; lastKnownFileType = sourcecode.swift; path = CardListCollectionViewCell.swift; sourceTree = "<group>"; };
		6B85569B29E464070004E226 /* MyCardListViewController.swift */ = {isa = PBXFileReference; lastKnownFileType = sourcecode.swift; path = MyCardListViewController.swift; sourceTree = "<group>"; };
		6B9BC16129E9D26B00B32557 /* CardStudyViewController.swift */ = {isa = PBXFileReference; lastKnownFileType = sourcecode.swift; path = CardStudyViewController.swift; sourceTree = "<group>"; };
		6B9BC16329EAE4C200B32557 /* UINavigationItem+.swift */ = {isa = PBXFileReference; lastKnownFileType = sourcecode.swift; path = "UINavigationItem+.swift"; sourceTree = "<group>"; };
		6B9BC16529EB213100B32557 /* CardStudyCollectionViewCell.swift */ = {isa = PBXFileReference; lastKnownFileType = sourcecode.swift; path = CardStudyCollectionViewCell.swift; sourceTree = "<group>"; };
		6BA3065429D89260003CFAF2 /* Card.swift */ = {isa = PBXFileReference; lastKnownFileType = sourcecode.swift; path = Card.swift; sourceTree = "<group>"; };
		6BA3065629D896AA003CFAF2 /* UITextView+.swift */ = {isa = PBXFileReference; lastKnownFileType = sourcecode.swift; path = "UITextView+.swift"; sourceTree = "<group>"; };
		6BA3065829D8A5CC003CFAF2 /* CardContentType.swift */ = {isa = PBXFileReference; lastKnownFileType = sourcecode.swift; path = CardContentType.swift; sourceTree = "<group>"; };
		6BA3065A29D8A5EF003CFAF2 /* CreateCardContentInputCollectionViewCellDelegate.swift */ = {isa = PBXFileReference; lastKnownFileType = sourcecode.swift; path = CreateCardContentInputCollectionViewCellDelegate.swift; sourceTree = "<group>"; };
		6BA3065C29D8AC1A003CFAF2 /* CreateCardFinishViewController.swift */ = {isa = PBXFileReference; lastKnownFileType = sourcecode.swift; path = CreateCardFinishViewController.swift; sourceTree = "<group>"; };
		6BA6A4352A2F8956002127E6 /* ProfileView.swift */ = {isa = PBXFileReference; lastKnownFileType = sourcecode.swift; path = ProfileView.swift; sourceTree = "<group>"; };
		6BE24B522A28EBF100332BC1 /* MyInfoViewCell.swift */ = {isa = PBXFileReference; lastKnownFileType = sourcecode.swift; path = MyInfoViewCell.swift; sourceTree = "<group>"; };
		6BEC9F062A2B81010008366A /* StudyModeConfigView.swift */ = {isa = PBXFileReference; lastKnownFileType = sourcecode.swift; path = StudyModeConfigView.swift; sourceTree = "<group>"; };
/* End PBXFileReference section */

/* Begin PBXFrameworksBuildPhase section */
		6B29BDBB29CE10EB00F39932 /* Frameworks */ = {
			isa = PBXFrameworksBuildPhase;
			buildActionMask = 2147483647;
			files = (
				6B682DFC2A1A68E700187262 /* Toast in Frameworks */,
				6B29BDEB29CE132000F39932 /* FirebaseMessaging in Frameworks */,
				6B29BDE529CE132000F39932 /* FirebaseDatabaseSwift in Frameworks */,
				6B29BDE329CE132000F39932 /* FirebaseDatabase in Frameworks */,
				6B29BDED29CE132000F39932 /* FirebaseStorage in Frameworks */,
				6B29BDD729CE111C00F39932 /* SnapKit in Frameworks */,
				6B29BDE129CE132000F39932 /* FirebaseCrashlytics in Frameworks */,
				6B29BDDF29CE132000F39932 /* FirebaseAuth in Frameworks */,
				6B29BDDA29CE112C00F39932 /* Then in Frameworks */,
				6B29BDE729CE132000F39932 /* FirebaseFirestore in Frameworks */,
				6B29BDE929CE132000F39932 /* FirebaseFirestoreSwift in Frameworks */,
			);
			runOnlyForDeploymentPostprocessing = 0;
		};
/* End PBXFrameworksBuildPhase section */

/* Begin PBXGroup section */
		6B14A7B32A1124CB002384B4 /* Manager */ = {
			isa = PBXGroup;
			children = (
				6B29BDF829CF547600F39932 /* AuthManager.swift */,
				6B088D1D29D0375B0056B4EF /* IndicatorManager.swift */,
				6B85569329DC64AA0004E226 /* DBManager.swift */,
			);
			path = Manager;
			sourceTree = "<group>";
		};
		6B14A7B42A112501002384B4 /* CreateCard */ = {
			isa = PBXGroup;
			children = (
				6B088D2329D06DFF0056B4EF /* CreateCardIntroViewController.swift */,
				6B088D2729D087340056B4EF /* CreateCardFolderNameInputViewController.swift */,
				6B088D2929D08B170056B4EF /* CreateCardContentInputViewController.swift */,
				6BA3065C29D8AC1A003CFAF2 /* CreateCardFinishViewController.swift */,
				6B088D2D29D32DD90056B4EF /* CreateCardContentInputCollectionViewCell.swift */,
				6BA3065A29D8A5EF003CFAF2 /* CreateCardContentInputCollectionViewCellDelegate.swift */,
			);
			path = CreateCard;
			sourceTree = "<group>";
		};
		6B14A7B52A112513002384B4 /* CardList */ = {
			isa = PBXGroup;
			children = (
				6B85569B29E464070004E226 /* MyCardListViewController.swift */,
				6B85569729E2C10F0004E226 /* CardListCollectionViewCell.swift */,
				6B14A7BE2A1274F8002384B4 /* CardListCollectionViewCellDelegate.swift */,
			);
			path = CardList;
			sourceTree = "<group>";
		};
		6B14A7B62A112569002384B4 /* Extension */ = {
			isa = PBXGroup;
			children = (
				6B088D1929D02EBE0056B4EF /* UIViewController+.swift */,
				6B29BDF029CECCA000F39932 /* UITextField+.swift */,
				6BA3065629D896AA003CFAF2 /* UITextView+.swift */,
				6B088D1B29D037220056B4EF /* UIApplication+.swift */,
				6B9BC16329EAE4C200B32557 /* UINavigationItem+.swift */,
			);
			path = Extension;
			sourceTree = "<group>";
		};
		6B14A7B72A112576002384B4 /* Component */ = {
			isa = PBXGroup;
			children = (
				6B29BDEE29CEA06500F39932 /* OpacityButton.swift */,
				6B14A7C02A13BA58002384B4 /* Alert.swift */,
			);
			path = Component;
			sourceTree = "<group>";
		};
		6B14A7B82A11257F002384B4 /* Util */ = {
			isa = PBXGroup;
			children = (
				6B29BDF229CECCC000F39932 /* Constant.swift */,
			);
			path = Util;
			sourceTree = "<group>";
		};
		6B14A7B92A112599002384B4 /* CardStudy */ = {
			isa = PBXGroup;
			children = (
				6B9BC16129E9D26B00B32557 /* CardStudyViewController.swift */,
				6B9BC16529EB213100B32557 /* CardStudyCollectionViewCell.swift */,
			);
			path = CardStudy;
			sourceTree = "<group>";
		};
		6B14A7BA2A1125B5002384B4 /* TabBar */ = {
			isa = PBXGroup;
			children = (
				6B088D1F29D040170056B4EF /* TabBarController.swift */,
			);
			path = TabBar;
			sourceTree = "<group>";
		};
		6B14A7BB2A1125C7002384B4 /* Info */ = {
			isa = PBXGroup;
			children = (
				6B088D2129D05CEA0056B4EF /* MyInfoViewController.swift */,
				6B7C6C1029F80B930045C230 /* MyInfoView.swift */,
				6BE24B522A28EBF100332BC1 /* MyInfoViewCell.swift */,
				6BEC9F062A2B81010008366A /* StudyModeConfigView.swift */,
				6BA6A4352A2F8956002127E6 /* ProfileView.swift */,
			);
			path = Info;
			sourceTree = "<group>";
		};
		6B14A7BC2A1125D2002384B4 /* Auth */ = {
			isa = PBXGroup;
			children = (
				6B29BDC529CE10EB00F39932 /* LoginViewController.swift */,
				6B29BDF429CED7A600F39932 /* SignUpViewController.swift */,
			);
			path = Auth;
			sourceTree = "<group>";
		};
		6B14A7BD2A1125E3002384B4 /* Model */ = {
			isa = PBXGroup;
			children = (
				6B85569529DF03F70004E226 /* User.swift */,
				6BA3065429D89260003CFAF2 /* Card.swift */,
				6BA3065829D8A5CC003CFAF2 /* CardContentType.swift */,
				6B85569129DC646F0004E226 /* CardZip.swift */,
			);
			path = Model;
			sourceTree = "<group>";
		};
		6B29BDB529CE10EB00F39932 = {
			isa = PBXGroup;
			children = (
				6B29BDC029CE10EB00F39932 /* MemoryCard */,
				6B29BDBF29CE10EB00F39932 /* Products */,
			);
			sourceTree = "<group>";
		};
		6B29BDBF29CE10EB00F39932 /* Products */ = {
			isa = PBXGroup;
			children = (
				6B29BDBE29CE10EB00F39932 /* MemoryCard.app */,
			);
			name = Products;
			sourceTree = "<group>";
		};
		6B29BDC029CE10EB00F39932 /* MemoryCard */ = {
			isa = PBXGroup;
			children = (
				6B29BDC129CE10EB00F39932 /* AppDelegate.swift */,
				6B29BDC329CE10EB00F39932 /* SceneDelegate.swift */,
				6B14A7B32A1124CB002384B4 /* Manager */,
				6B14A7BC2A1125D2002384B4 /* Auth */,
				6B14A7BB2A1125C7002384B4 /* Info */,
				6B14A7B42A112501002384B4 /* CreateCard */,
				6B14A7BD2A1125E3002384B4 /* Model */,
				6B14A7B52A112513002384B4 /* CardList */,
				6B14A7B92A112599002384B4 /* CardStudy */,
				6B14A7BA2A1125B5002384B4 /* TabBar */,
				6B14A7B62A112569002384B4 /* Extension */,
				6B14A7B82A11257F002384B4 /* Util */,
				6B14A7B72A112576002384B4 /* Component */,
				6B29BDC729CE10EB00F39932 /* Main.storyboard */,
				6B29BDCA29CE10EF00F39932 /* Assets.xcassets */,
				6B29BDCC29CE10EF00F39932 /* LaunchScreen.storyboard */,
				6B29BDCF29CE10EF00F39932 /* Info.plist */,
				6B29BDDB29CE126600F39932 /* GoogleService-Info.plist */,
			);
			path = MemoryCard;
			sourceTree = "<group>";
		};
/* End PBXGroup section */

/* Begin PBXNativeTarget section */
		6B29BDBD29CE10EB00F39932 /* MemoryCard */ = {
			isa = PBXNativeTarget;
			buildConfigurationList = 6B29BDD229CE10EF00F39932 /* Build configuration list for PBXNativeTarget "MemoryCard" */;
			buildPhases = (
				6B29BDBA29CE10EB00F39932 /* Sources */,
				6B29BDBB29CE10EB00F39932 /* Frameworks */,
				6B29BDBC29CE10EB00F39932 /* Resources */,
			);
			buildRules = (
			);
			dependencies = (
			);
			name = MemoryCard;
			packageProductDependencies = (
				6B29BDD629CE111C00F39932 /* SnapKit */,
				6B29BDD929CE112C00F39932 /* Then */,
				6B29BDDE29CE132000F39932 /* FirebaseAuth */,
				6B29BDE029CE132000F39932 /* FirebaseCrashlytics */,
				6B29BDE229CE132000F39932 /* FirebaseDatabase */,
				6B29BDE429CE132000F39932 /* FirebaseDatabaseSwift */,
				6B29BDE629CE132000F39932 /* FirebaseFirestore */,
				6B29BDE829CE132000F39932 /* FirebaseFirestoreSwift */,
				6B29BDEA29CE132000F39932 /* FirebaseMessaging */,
				6B29BDEC29CE132000F39932 /* FirebaseStorage */,
				6B682DFB2A1A68E700187262 /* Toast */,
			);
			productName = MemoryCard;
			productReference = 6B29BDBE29CE10EB00F39932 /* MemoryCard.app */;
			productType = "com.apple.product-type.application";
		};
/* End PBXNativeTarget section */

/* Begin PBXProject section */
		6B29BDB629CE10EB00F39932 /* Project object */ = {
			isa = PBXProject;
			attributes = {
				BuildIndependentTargetsInParallel = 1;
				LastSwiftUpdateCheck = 1420;
				LastUpgradeCheck = 1420;
				TargetAttributes = {
					6B29BDBD29CE10EB00F39932 = {
						CreatedOnToolsVersion = 14.2;
					};
				};
			};
			buildConfigurationList = 6B29BDB929CE10EB00F39932 /* Build configuration list for PBXProject "MemoryCard" */;
			compatibilityVersion = "Xcode 14.0";
			developmentRegion = ko;
			hasScannedForEncodings = 0;
			knownRegions = (
				ko,
				Base,
			);
			mainGroup = 6B29BDB529CE10EB00F39932;
			packageReferences = (
				6B29BDD529CE111C00F39932 /* XCRemoteSwiftPackageReference "SnapKit" */,
				6B29BDD829CE112B00F39932 /* XCRemoteSwiftPackageReference "Then" */,
				6B29BDDD29CE132000F39932 /* XCRemoteSwiftPackageReference "firebase-ios-sdk" */,
				6B682DFA2A1A68E700187262 /* XCRemoteSwiftPackageReference "Toast-Swift" */,
			);
			productRefGroup = 6B29BDBF29CE10EB00F39932 /* Products */;
			projectDirPath = "";
			projectRoot = "";
			targets = (
				6B29BDBD29CE10EB00F39932 /* MemoryCard */,
			);
		};
/* End PBXProject section */

/* Begin PBXResourcesBuildPhase section */
		6B29BDBC29CE10EB00F39932 /* Resources */ = {
			isa = PBXResourcesBuildPhase;
			buildActionMask = 2147483647;
			files = (
				6B29BDCE29CE10EF00F39932 /* LaunchScreen.storyboard in Resources */,
				6B29BDDC29CE126600F39932 /* GoogleService-Info.plist in Resources */,
				6B29BDCB29CE10EF00F39932 /* Assets.xcassets in Resources */,
				6B29BDC929CE10EB00F39932 /* Main.storyboard in Resources */,
			);
			runOnlyForDeploymentPostprocessing = 0;
		};
/* End PBXResourcesBuildPhase section */

/* Begin PBXSourcesBuildPhase section */
		6B29BDBA29CE10EB00F39932 /* Sources */ = {
			isa = PBXSourcesBuildPhase;
			buildActionMask = 2147483647;
			files = (
				6B85569C29E464070004E226 /* MyCardListViewController.swift in Sources */,
				6B85569629DF03F70004E226 /* User.swift in Sources */,
				6B29BDC629CE10EB00F39932 /* LoginViewController.swift in Sources */,
				6B088D2029D040170056B4EF /* TabBarController.swift in Sources */,
				6BA3065529D89260003CFAF2 /* Card.swift in Sources */,
				6BEC9F072A2B81020008366A /* StudyModeConfigView.swift in Sources */,
				6B088D2829D087340056B4EF /* CreateCardFolderNameInputViewController.swift in Sources */,
				6B29BDF929CF547600F39932 /* AuthManager.swift in Sources */,
				6B85569429DC64AA0004E226 /* DBManager.swift in Sources */,
				6B85569229DC646F0004E226 /* CardZip.swift in Sources */,
				6B9BC16629EB213100B32557 /* CardStudyCollectionViewCell.swift in Sources */,
				6BA3065729D896AA003CFAF2 /* UITextView+.swift in Sources */,
				6B088D1A29D02EBE0056B4EF /* UIViewController+.swift in Sources */,
				6B088D2E29D32DD90056B4EF /* CreateCardContentInputCollectionViewCell.swift in Sources */,
				6B9BC16429EAE4C200B32557 /* UINavigationItem+.swift in Sources */,
				6B29BDF529CED7A700F39932 /* SignUpViewController.swift in Sources */,
				6B29BDF129CECCA100F39932 /* UITextField+.swift in Sources */,
				6B088D1E29D0375B0056B4EF /* IndicatorManager.swift in Sources */,
				6B088D2A29D08B170056B4EF /* CreateCardContentInputViewController.swift in Sources */,
				6BE24B532A28EBF100332BC1 /* MyInfoViewCell.swift in Sources */,
				6B29BDC229CE10EB00F39932 /* AppDelegate.swift in Sources */,
				6B29BDC429CE10EB00F39932 /* SceneDelegate.swift in Sources */,
				6B088D2229D05CEA0056B4EF /* MyInfoViewController.swift in Sources */,
				6B088D1C29D037220056B4EF /* UIApplication+.swift in Sources */,
				6B29BDEF29CEA06500F39932 /* OpacityButton.swift in Sources */,
				6B7C6C1129F80B930045C230 /* MyInfoView.swift in Sources */,
				6B9BC16229E9D26B00B32557 /* CardStudyViewController.swift in Sources */,
				6BA3065B29D8A5EF003CFAF2 /* CreateCardContentInputCollectionViewCellDelegate.swift in Sources */,
				6BA6A4362A2F8956002127E6 /* ProfileView.swift in Sources */,
				6BA3065D29D8AC1A003CFAF2 /* CreateCardFinishViewController.swift in Sources */,
				6B14A7BF2A1274F8002384B4 /* CardListCollectionViewCellDelegate.swift in Sources */,
				6BA3065929D8A5CC003CFAF2 /* CardContentType.swift in Sources */,
				6B85569829E2C1100004E226 /* CardListCollectionViewCell.swift in Sources */,
				6B14A7C12A13BA58002384B4 /* Alert.swift in Sources */,
				6B29BDF329CECCC000F39932 /* Constant.swift in Sources */,
				6B088D2429D06DFF0056B4EF /* CreateCardIntroViewController.swift in Sources */,
			);
			runOnlyForDeploymentPostprocessing = 0;
		};
/* End PBXSourcesBuildPhase section */

/* Begin PBXVariantGroup section */
		6B29BDC729CE10EB00F39932 /* Main.storyboard */ = {
			isa = PBXVariantGroup;
			children = (
				6B29BDC829CE10EB00F39932 /* Base */,
			);
			name = Main.storyboard;
			sourceTree = "<group>";
		};
		6B29BDCC29CE10EF00F39932 /* LaunchScreen.storyboard */ = {
			isa = PBXVariantGroup;
			children = (
				6B29BDCD29CE10EF00F39932 /* Base */,
			);
			name = LaunchScreen.storyboard;
			sourceTree = "<group>";
		};
/* End PBXVariantGroup section */

/* Begin XCBuildConfiguration section */
		6B29BDD029CE10EF00F39932 /* Debug */ = {
			isa = XCBuildConfiguration;
			buildSettings = {
				ALWAYS_SEARCH_USER_PATHS = NO;
				CLANG_ANALYZER_NONNULL = YES;
				CLANG_ANALYZER_NUMBER_OBJECT_CONVERSION = YES_AGGRESSIVE;
				CLANG_CXX_LANGUAGE_STANDARD = "gnu++20";
				CLANG_ENABLE_MODULES = YES;
				CLANG_ENABLE_OBJC_ARC = YES;
				CLANG_ENABLE_OBJC_WEAK = YES;
				CLANG_WARN_BLOCK_CAPTURE_AUTORELEASING = YES;
				CLANG_WARN_BOOL_CONVERSION = YES;
				CLANG_WARN_COMMA = YES;
				CLANG_WARN_CONSTANT_CONVERSION = YES;
				CLANG_WARN_DEPRECATED_OBJC_IMPLEMENTATIONS = YES;
				CLANG_WARN_DIRECT_OBJC_ISA_USAGE = YES_ERROR;
				CLANG_WARN_DOCUMENTATION_COMMENTS = YES;
				CLANG_WARN_EMPTY_BODY = YES;
				CLANG_WARN_ENUM_CONVERSION = YES;
				CLANG_WARN_INFINITE_RECURSION = YES;
				CLANG_WARN_INT_CONVERSION = YES;
				CLANG_WARN_NON_LITERAL_NULL_CONVERSION = YES;
				CLANG_WARN_OBJC_IMPLICIT_RETAIN_SELF = YES;
				CLANG_WARN_OBJC_LITERAL_CONVERSION = YES;
				CLANG_WARN_OBJC_ROOT_CLASS = YES_ERROR;
				CLANG_WARN_QUOTED_INCLUDE_IN_FRAMEWORK_HEADER = YES;
				CLANG_WARN_RANGE_LOOP_ANALYSIS = YES;
				CLANG_WARN_STRICT_PROTOTYPES = YES;
				CLANG_WARN_SUSPICIOUS_MOVE = YES;
				CLANG_WARN_UNGUARDED_AVAILABILITY = YES_AGGRESSIVE;
				CLANG_WARN_UNREACHABLE_CODE = YES;
				CLANG_WARN__DUPLICATE_METHOD_MATCH = YES;
				COPY_PHASE_STRIP = NO;
				DEBUG_INFORMATION_FORMAT = dwarf;
				ENABLE_STRICT_OBJC_MSGSEND = YES;
				ENABLE_TESTABILITY = YES;
				GCC_C_LANGUAGE_STANDARD = gnu11;
				GCC_DYNAMIC_NO_PIC = NO;
				GCC_NO_COMMON_BLOCKS = YES;
				GCC_OPTIMIZATION_LEVEL = 0;
				GCC_PREPROCESSOR_DEFINITIONS = (
					"DEBUG=1",
					"$(inherited)",
				);
				GCC_WARN_64_TO_32_BIT_CONVERSION = YES;
				GCC_WARN_ABOUT_RETURN_TYPE = YES_ERROR;
				GCC_WARN_UNDECLARED_SELECTOR = YES;
				GCC_WARN_UNINITIALIZED_AUTOS = YES_AGGRESSIVE;
				GCC_WARN_UNUSED_FUNCTION = YES;
				GCC_WARN_UNUSED_VARIABLE = YES;
				IPHONEOS_DEPLOYMENT_TARGET = 16.2;
				MTL_ENABLE_DEBUG_INFO = INCLUDE_SOURCE;
				MTL_FAST_MATH = YES;
				ONLY_ACTIVE_ARCH = YES;
				SDKROOT = iphoneos;
				SWIFT_ACTIVE_COMPILATION_CONDITIONS = DEBUG;
				SWIFT_OPTIMIZATION_LEVEL = "-Onone";
			};
			name = Debug;
		};
		6B29BDD129CE10EF00F39932 /* Release */ = {
			isa = XCBuildConfiguration;
			buildSettings = {
				ALWAYS_SEARCH_USER_PATHS = NO;
				CLANG_ANALYZER_NONNULL = YES;
				CLANG_ANALYZER_NUMBER_OBJECT_CONVERSION = YES_AGGRESSIVE;
				CLANG_CXX_LANGUAGE_STANDARD = "gnu++20";
				CLANG_ENABLE_MODULES = YES;
				CLANG_ENABLE_OBJC_ARC = YES;
				CLANG_ENABLE_OBJC_WEAK = YES;
				CLANG_WARN_BLOCK_CAPTURE_AUTORELEASING = YES;
				CLANG_WARN_BOOL_CONVERSION = YES;
				CLANG_WARN_COMMA = YES;
				CLANG_WARN_CONSTANT_CONVERSION = YES;
				CLANG_WARN_DEPRECATED_OBJC_IMPLEMENTATIONS = YES;
				CLANG_WARN_DIRECT_OBJC_ISA_USAGE = YES_ERROR;
				CLANG_WARN_DOCUMENTATION_COMMENTS = YES;
				CLANG_WARN_EMPTY_BODY = YES;
				CLANG_WARN_ENUM_CONVERSION = YES;
				CLANG_WARN_INFINITE_RECURSION = YES;
				CLANG_WARN_INT_CONVERSION = YES;
				CLANG_WARN_NON_LITERAL_NULL_CONVERSION = YES;
				CLANG_WARN_OBJC_IMPLICIT_RETAIN_SELF = YES;
				CLANG_WARN_OBJC_LITERAL_CONVERSION = YES;
				CLANG_WARN_OBJC_ROOT_CLASS = YES_ERROR;
				CLANG_WARN_QUOTED_INCLUDE_IN_FRAMEWORK_HEADER = YES;
				CLANG_WARN_RANGE_LOOP_ANALYSIS = YES;
				CLANG_WARN_STRICT_PROTOTYPES = YES;
				CLANG_WARN_SUSPICIOUS_MOVE = YES;
				CLANG_WARN_UNGUARDED_AVAILABILITY = YES_AGGRESSIVE;
				CLANG_WARN_UNREACHABLE_CODE = YES;
				CLANG_WARN__DUPLICATE_METHOD_MATCH = YES;
				COPY_PHASE_STRIP = NO;
				DEBUG_INFORMATION_FORMAT = "dwarf-with-dsym";
				ENABLE_NS_ASSERTIONS = NO;
				ENABLE_STRICT_OBJC_MSGSEND = YES;
				GCC_C_LANGUAGE_STANDARD = gnu11;
				GCC_NO_COMMON_BLOCKS = YES;
				GCC_WARN_64_TO_32_BIT_CONVERSION = YES;
				GCC_WARN_ABOUT_RETURN_TYPE = YES_ERROR;
				GCC_WARN_UNDECLARED_SELECTOR = YES;
				GCC_WARN_UNINITIALIZED_AUTOS = YES_AGGRESSIVE;
				GCC_WARN_UNUSED_FUNCTION = YES;
				GCC_WARN_UNUSED_VARIABLE = YES;
				IPHONEOS_DEPLOYMENT_TARGET = 16.2;
				MTL_ENABLE_DEBUG_INFO = NO;
				MTL_FAST_MATH = YES;
				SDKROOT = iphoneos;
				SWIFT_COMPILATION_MODE = wholemodule;
				SWIFT_OPTIMIZATION_LEVEL = "-O";
				VALIDATE_PRODUCT = YES;
			};
			name = Release;
		};
		6B29BDD329CE10EF00F39932 /* Debug */ = {
			isa = XCBuildConfiguration;
			buildSettings = {
				ASSETCATALOG_COMPILER_APPICON_NAME = AppIcon;
				ASSETCATALOG_COMPILER_GLOBAL_ACCENT_COLOR_NAME = AccentColor;
				CODE_SIGN_IDENTITY = "Apple Development";
				CODE_SIGN_STYLE = Automatic;
				CURRENT_PROJECT_VERSION = 1;
				DEBUG_INFORMATION_FORMAT = "dwarf-with-dsym";
				DEVELOPMENT_TEAM = TB9WF4459Q;
				GENERATE_INFOPLIST_FILE = YES;
				INFOPLIST_FILE = MemoryCard/Info.plist;
				INFOPLIST_KEY_CFBundleDisplayName = "메모리카드";
				INFOPLIST_KEY_UIApplicationSupportsIndirectInputEvents = YES;
				INFOPLIST_KEY_UILaunchStoryboardName = LaunchScreen;
				INFOPLIST_KEY_UISupportedInterfaceOrientations_iPad = "UIInterfaceOrientationPortrait UIInterfaceOrientationPortraitUpsideDown UIInterfaceOrientationLandscapeLeft UIInterfaceOrientationLandscapeRight";
				INFOPLIST_KEY_UISupportedInterfaceOrientations_iPhone = UIInterfaceOrientationPortrait;
				IPHONEOS_DEPLOYMENT_TARGET = 15.0;
				LD_RUNPATH_SEARCH_PATHS = (
					"$(inherited)",
					"@executable_path/Frameworks",
				);
				MARKETING_VERSION = 1.0;
				PRODUCT_BUNDLE_IDENTIFIER = YC.MemoryCard;
				PRODUCT_NAME = "$(TARGET_NAME)";
				PROVISIONING_PROFILE_SPECIFIER = "";
				SWIFT_EMIT_LOC_STRINGS = YES;
				SWIFT_VERSION = 5.0;
				TARGETED_DEVICE_FAMILY = "1,2";
			};
			name = Debug;
		};
		6B29BDD429CE10EF00F39932 /* Release */ = {
			isa = XCBuildConfiguration;
			buildSettings = {
				ASSETCATALOG_COMPILER_APPICON_NAME = AppIcon;
				ASSETCATALOG_COMPILER_GLOBAL_ACCENT_COLOR_NAME = AccentColor;
				CODE_SIGN_IDENTITY = "Apple Development";
				CODE_SIGN_STYLE = Automatic;
				CURRENT_PROJECT_VERSION = 1;
				DEVELOPMENT_TEAM = TB9WF4459Q;
				GENERATE_INFOPLIST_FILE = YES;
				INFOPLIST_FILE = MemoryCard/Info.plist;
				INFOPLIST_KEY_CFBundleDisplayName = "메모리카드";
				INFOPLIST_KEY_UIApplicationSupportsIndirectInputEvents = YES;
				INFOPLIST_KEY_UILaunchStoryboardName = LaunchScreen;
				INFOPLIST_KEY_UISupportedInterfaceOrientations_iPad = "UIInterfaceOrientationPortrait UIInterfaceOrientationPortraitUpsideDown UIInterfaceOrientationLandscapeLeft UIInterfaceOrientationLandscapeRight";
				INFOPLIST_KEY_UISupportedInterfaceOrientations_iPhone = UIInterfaceOrientationPortrait;
				IPHONEOS_DEPLOYMENT_TARGET = 15.0;
				LD_RUNPATH_SEARCH_PATHS = (
					"$(inherited)",
					"@executable_path/Frameworks",
				);
				MARKETING_VERSION = 1.0;
				PRODUCT_BUNDLE_IDENTIFIER = YC.MemoryCard;
				PRODUCT_NAME = "$(TARGET_NAME)";
				PROVISIONING_PROFILE_SPECIFIER = "";
				SWIFT_EMIT_LOC_STRINGS = YES;
				SWIFT_VERSION = 5.0;
				TARGETED_DEVICE_FAMILY = "1,2";
			};
			name = Release;
		};
/* End XCBuildConfiguration section */

/* Begin XCConfigurationList section */
		6B29BDB929CE10EB00F39932 /* Build configuration list for PBXProject "MemoryCard" */ = {
			isa = XCConfigurationList;
			buildConfigurations = (
				6B29BDD029CE10EF00F39932 /* Debug */,
				6B29BDD129CE10EF00F39932 /* Release */,
			);
			defaultConfigurationIsVisible = 0;
			defaultConfigurationName = Release;
		};
		6B29BDD229CE10EF00F39932 /* Build configuration list for PBXNativeTarget "MemoryCard" */ = {
			isa = XCConfigurationList;
			buildConfigurations = (
				6B29BDD329CE10EF00F39932 /* Debug */,
				6B29BDD429CE10EF00F39932 /* Release */,
			);
			defaultConfigurationIsVisible = 0;
			defaultConfigurationName = Release;
		};
/* End XCConfigurationList section */

/* Begin XCRemoteSwiftPackageReference section */
		6B29BDD529CE111C00F39932 /* XCRemoteSwiftPackageReference "SnapKit" */ = {
			isa = XCRemoteSwiftPackageReference;
			repositoryURL = "https://github.com/SnapKit/SnapKit.git";
			requirement = {
				kind = upToNextMajorVersion;
				minimumVersion = 5.0.0;
			};
		};
		6B29BDD829CE112B00F39932 /* XCRemoteSwiftPackageReference "Then" */ = {
			isa = XCRemoteSwiftPackageReference;
			repositoryURL = "https://github.com/devxoul/Then";
			requirement = {
				kind = upToNextMajorVersion;
				minimumVersion = 3.0.0;
			};
		};
		6B29BDDD29CE132000F39932 /* XCRemoteSwiftPackageReference "firebase-ios-sdk" */ = {
			isa = XCRemoteSwiftPackageReference;
			repositoryURL = "https://github.com/firebase/firebase-ios-sdk";
			requirement = {
				kind = upToNextMajorVersion;
				minimumVersion = 9.0.0;
			};
		};
		6B682DFA2A1A68E700187262 /* XCRemoteSwiftPackageReference "Toast-Swift" */ = {
			isa = XCRemoteSwiftPackageReference;
			repositoryURL = "https://github.com/scalessec/Toast-Swift";
			requirement = {
				kind = upToNextMajorVersion;
				minimumVersion = 5.0.0;
			};
		};
/* End XCRemoteSwiftPackageReference section */

/* Begin XCSwiftPackageProductDependency section */
		6B29BDD629CE111C00F39932 /* SnapKit */ = {
			isa = XCSwiftPackageProductDependency;
			package = 6B29BDD529CE111C00F39932 /* XCRemoteSwiftPackageReference "SnapKit" */;
			productName = SnapKit;
		};
		6B29BDD929CE112C00F39932 /* Then */ = {
			isa = XCSwiftPackageProductDependency;
			package = 6B29BDD829CE112B00F39932 /* XCRemoteSwiftPackageReference "Then" */;
			productName = Then;
		};
		6B29BDDE29CE132000F39932 /* FirebaseAuth */ = {
			isa = XCSwiftPackageProductDependency;
			package = 6B29BDDD29CE132000F39932 /* XCRemoteSwiftPackageReference "firebase-ios-sdk" */;
			productName = FirebaseAuth;
		};
		6B29BDE029CE132000F39932 /* FirebaseCrashlytics */ = {
			isa = XCSwiftPackageProductDependency;
			package = 6B29BDDD29CE132000F39932 /* XCRemoteSwiftPackageReference "firebase-ios-sdk" */;
			productName = FirebaseCrashlytics;
		};
		6B29BDE229CE132000F39932 /* FirebaseDatabase */ = {
			isa = XCSwiftPackageProductDependency;
			package = 6B29BDDD29CE132000F39932 /* XCRemoteSwiftPackageReference "firebase-ios-sdk" */;
			productName = FirebaseDatabase;
		};
		6B29BDE429CE132000F39932 /* FirebaseDatabaseSwift */ = {
			isa = XCSwiftPackageProductDependency;
			package = 6B29BDDD29CE132000F39932 /* XCRemoteSwiftPackageReference "firebase-ios-sdk" */;
			productName = FirebaseDatabaseSwift;
		};
		6B29BDE629CE132000F39932 /* FirebaseFirestore */ = {
			isa = XCSwiftPackageProductDependency;
			package = 6B29BDDD29CE132000F39932 /* XCRemoteSwiftPackageReference "firebase-ios-sdk" */;
			productName = FirebaseFirestore;
		};
		6B29BDE829CE132000F39932 /* FirebaseFirestoreSwift */ = {
			isa = XCSwiftPackageProductDependency;
			package = 6B29BDDD29CE132000F39932 /* XCRemoteSwiftPackageReference "firebase-ios-sdk" */;
			productName = FirebaseFirestoreSwift;
		};
		6B29BDEA29CE132000F39932 /* FirebaseMessaging */ = {
			isa = XCSwiftPackageProductDependency;
			package = 6B29BDDD29CE132000F39932 /* XCRemoteSwiftPackageReference "firebase-ios-sdk" */;
			productName = FirebaseMessaging;
		};
		6B29BDEC29CE132000F39932 /* FirebaseStorage */ = {
			isa = XCSwiftPackageProductDependency;
			package = 6B29BDDD29CE132000F39932 /* XCRemoteSwiftPackageReference "firebase-ios-sdk" */;
			productName = FirebaseStorage;
		};
		6B682DFB2A1A68E700187262 /* Toast */ = {
			isa = XCSwiftPackageProductDependency;
			package = 6B682DFA2A1A68E700187262 /* XCRemoteSwiftPackageReference "Toast-Swift" */;
			productName = Toast;
		};
/* End XCSwiftPackageProductDependency section */
	};
	rootObject = 6B29BDB629CE10EB00F39932 /* Project object */;
}
